
Microsoft Visual Studio Solution File, Format Version 12.00
# Visual Studio Version 17
VisualStudioVersion = 17.4.33213.308
MinimumVisualStudioVersion = 10.0.40219.1
Project("{FAE04EC0-301F-11D3-BF4B-00C04F79EFBC}") = "ASP.lab1", "ASP.lab1\ASP.lab1.csproj", "{6E13D5D5-AD1C-4597-8208-D2E9C0F8F00B}"
EndProject
Global
	GlobalSection(SolutionConfigurationPlatforms) = preSolution
		Debug|Any CPU = Debug|Any CPU
		Release|Any CPU = Release|Any CPU
	EndGlobalSection
	GlobalSection(ProjectConfigurationPlatforms) = postSolution
		{6E13D5D5-AD1C-4597-8208-D2E9C0F8F00B}.Debug|Any CPU.ActiveCfg = Debug|Any CPU
		{6E13D5D5-AD1C-4597-8208-D2E9C0F8F00B}.Debug|Any CPU.Build.0 = Debug|Any CPU
		{6E13D5D5-AD1C-4597-8208-D2E9C0F8F00B}.Release|Any CPU.ActiveCfg = Release|Any CPU
		{6E13D5D5-AD1C-4597-8208-D2E9C0F8F00B}.Release|Any CPU.Build.0 = Release|Any CPU
	EndGlobalSection
	GlobalSection(SolutionProperties) = preSolution
		HideSolutionNode = FALSE
	EndGlobalSection
	GlobalSection(ExtensibilityGlobals) = postSolution
		SolutionGuid = {702023D9-2AF0-4BFD-8B79-F36820F71291}
	EndGlobalSection
EndGlobal
